// !$*UTF8*$!
{
	archiveVersion = 1;
	classes = {
	};
	objectVersion = 50;
	objects = {

/* Begin PBXBuildFile section */
		8DD92739208536E400B27354 /* AppDelegate.swift in Sources */ = {isa = PBXBuildFile; fileRef = 8DD92738208536E400B27354 /* AppDelegate.swift */; };
		8DD9273B208536E400B27354 /* ViewController.swift in Sources */ = {isa = PBXBuildFile; fileRef = 8DD9273A208536E400B27354 /* ViewController.swift */; };
		8DD9273D208536E600B27354 /* Assets.xcassets in Resources */ = {isa = PBXBuildFile; fileRef = 8DD9273C208536E600B27354 /* Assets.xcassets */; };
		8DD92740208536E600B27354 /* Main.storyboard in Resources */ = {isa = PBXBuildFile; fileRef = 8DD9273E208536E600B27354 /* Main.storyboard */; };
		8DD927492087999100B27354 /* PrefsViewController.swift in Sources */ = {isa = PBXBuildFile; fileRef = 8DD927482087999100B27354 /* PrefsViewController.swift */; };
		8DD9274E2087D50A00B27354 /* EggTimer.swift in Sources */ = {isa = PBXBuildFile; fileRef = 8DD9274D2087D50A00B27354 /* EggTimer.swift */; };
		8DD927502089378E00B27354 /* Preferences.swift in Sources */ = {isa = PBXBuildFile; fileRef = 8DD9274F2089378E00B27354 /* Preferences.swift */; };
/* End PBXBuildFile section */

/* Begin PBXFileReference section */
		8DD92735208536E400B27354 /* EggTImer.app */ = {isa = PBXFileReference; explicitFileType = wrapper.application; includeInIndex = 0; path = EggTImer.app; sourceTree = BUILT_PRODUCTS_DIR; };
		8DD92738208536E400B27354 /* AppDelegate.swift */ = {isa = PBXFileReference; lastKnownFileType = sourcecode.swift; path = AppDelegate.swift; sourceTree = "<group>"; };
		8DD9273A208536E400B27354 /* ViewController.swift */ = {isa = PBXFileReference; lastKnownFileType = sourcecode.swift; path = ViewController.swift; sourceTree = "<group>"; };
		8DD9273C208536E600B27354 /* Assets.xcassets */ = {isa = PBXFileReference; lastKnownFileType = folder.assetcatalog; path = Assets.xcassets; sourceTree = "<group>"; };
		8DD9273F208536E600B27354 /* Base */ = {isa = PBXFileReference; lastKnownFileType = file.storyboard; name = Base; path = Base.lproj/Main.storyboard; sourceTree = "<group>"; };
		8DD92741208536E600B27354 /* Info.plist */ = {isa = PBXFileReference; lastKnownFileType = text.plist.xml; path = Info.plist; sourceTree = "<group>"; };
		8DD92742208536E600B27354 /* EggTImer.entitlements */ = {isa = PBXFileReference; lastKnownFileType = text.plist.entitlements; path = EggTImer.entitlements; sourceTree = "<group>"; };
		8DD927482087999100B27354 /* PrefsViewController.swift */ = {isa = PBXFileReference; lastKnownFileType = sourcecode.swift; path = PrefsViewController.swift; sourceTree = "<group>"; };
		8DD9274D2087D50A00B27354 /* EggTimer.swift */ = {isa = PBXFileReference; lastKnownFileType = sourcecode.swift; path = EggTimer.swift; sourceTree = "<group>"; };
		8DD9274F2089378E00B27354 /* Preferences.swift */ = {isa = PBXFileReference; lastKnownFileType = sourcecode.swift; path = Preferences.swift; sourceTree = "<group>"; };
/* End PBXFileReference section */

/* Begin PBXFrameworksBuildPhase section */
		8DD92732208536E400B27354 /* Frameworks */ = {
			isa = PBXFrameworksBuildPhase;
			buildActionMask = 2147483647;
			files = (
			);
			runOnlyForDeploymentPostprocessing = 0;
		};
/* End PBXFrameworksBuildPhase section */

/* Begin PBXGroup section */
		8DD9272C208536E400B27354 = {
			isa = PBXGroup;
			children = (
				8DD92737208536E400B27354 /* EggTImer */,
				8DD9274C2087D45F00B27354 /* Supporting Files */,
				8DD92736208536E400B27354 /* Products */,
			);
			sourceTree = "<group>";
		};
		8DD92736208536E400B27354 /* Products */ = {
			isa = PBXGroup;
			children = (
				8DD92735208536E400B27354 /* EggTImer.app */,
			);
			name = Products;
			sourceTree = "<group>";
		};
		8DD92737208536E400B27354 /* EggTImer */ = {
			isa = PBXGroup;
			children = (
				8DD92738208536E400B27354 /* AppDelegate.swift */,
				8DD9274A2087D43500B27354 /* View Controllers */,
				8DD9274B2087D44D00B27354 /* Model */,
				8DD9273C208536E600B27354 /* Assets.xcassets */,
				8DD9273E208536E600B27354 /* Main.storyboard */,
			);
			path = EggTImer;
			sourceTree = "<group>";
		};
		8DD9274A2087D43500B27354 /* View Controllers */ = {
			isa = PBXGroup;
			children = (
				8DD9273A208536E400B27354 /* ViewController.swift */,
				8DD927482087999100B27354 /* PrefsViewController.swift */,
			);
			path = "View Controllers";
			sourceTree = "<group>";
		};
		8DD9274B2087D44D00B27354 /* Model */ = {
			isa = PBXGroup;
			children = (
				8DD9274D2087D50A00B27354 /* EggTimer.swift */,
				8DD9274F2089378E00B27354 /* Preferences.swift */,
			);
			path = Model;
			sourceTree = "<group>";
		};
		8DD9274C2087D45F00B27354 /* Supporting Files */ = {
			isa = PBXGroup;
			children = (
				8DD92741208536E600B27354 /* Info.plist */,
				8DD92742208536E600B27354 /* EggTImer.entitlements */,
			);
			path = "Supporting Files";
			sourceTree = "<group>";
		};
/* End PBXGroup section */

/* Begin PBXNativeTarget section */
		8DD92734208536E400B27354 /* EggTImer */ = {
			isa = PBXNativeTarget;
			buildConfigurationList = 8DD92745208536E600B27354 /* Build configuration list for PBXNativeTarget "EggTImer" */;
			buildPhases = (
				8DD92731208536E400B27354 /* Sources */,
				8DD92732208536E400B27354 /* Frameworks */,
				8DD92733208536E400B27354 /* Resources */,
			);
			buildRules = (
			);
			dependencies = (
			);
			name = EggTImer;
			productName = EggTImer;
			productReference = 8DD92735208536E400B27354 /* EggTImer.app */;
			productType = "com.apple.product-type.application";
		};
/* End PBXNativeTarget section */

/* Begin PBXProject section */
		8DD9272D208536E400B27354 /* Project object */ = {
			isa = PBXProject;
			attributes = {
				LastSwiftUpdateCheck = 0930;
				LastUpgradeCheck = 0930;
				ORGANIZATIONNAME = "support-mac-mini";
				TargetAttributes = {
					8DD92734208536E400B27354 = {
						CreatedOnToolsVersion = 9.3;
						SystemCapabilities = {
							com.apple.Sandbox = {
								enabled = 1;
							};
						};
					};
				};
			};
			buildConfigurationList = 8DD92730208536E400B27354 /* Build configuration list for PBXProject "EggTImer" */;
			compatibilityVersion = "Xcode 9.3";
			developmentRegion = en;
			hasScannedForEncodings = 0;
			knownRegions = (
				en,
				Base,
			);
			mainGroup = 8DD9272C208536E400B27354;
			productRefGroup = 8DD92736208536E400B27354 /* Products */;
			projectDirPath = "";
			projectRoot = "";
			targets = (
				8DD92734208536E400B27354 /* EggTImer */,
			);
		};
/* End PBXProject section */

/* Begin PBXResourcesBuildPhase section */
		8DD92733208536E400B27354 /* Resources */ = {
			isa = PBXResourcesBuildPhase;
			buildActionMask = 2147483647;
			files = (
				8DD9273D208536E600B27354 /* Assets.xcassets in Resources */,
				8DD92740208536E600B27354 /* Main.storyboard in Resources */,
			);
			runOnlyForDeploymentPostprocessing = 0;
		};
/* End PBXResourcesBuildPhase section */

/* Begin PBXSourcesBuildPhase section */
		8DD92731208536E400B27354 /* Sources */ = {
			isa = PBXSourcesBuildPhase;
			buildActionMask = 2147483647;
			files = (
				8DD9273B208536E400B27354 /* ViewController.swift in Sources */,
				8DD9274E2087D50A00B27354 /* EggTimer.swift in Sources */,
				8DD927502089378E00B27354 /* Preferences.swift in Sources */,
				8DD927492087999100B27354 /* PrefsViewController.swift in Sources */,
				8DD92739208536E400B27354 /* AppDelegate.swift in Sources */,
			);
			runOnlyForDeploymentPostprocessing = 0;
		};
/* End PBXSourcesBuildPhase section */

/* Begin PBXVariantGroup section */
		8DD9273E208536E600B27354 /* Main.storyboard */ = {
			isa = PBXVariantGroup;
			children = (
				8DD9273F208536E600B27354 /* Base */,
			);
			name = Main.storyboard;
			sourceTree = "<group>";
		};
/* End PBXVariantGroup section */

/* Begin XCBuildConfiguration section */
		8DD92743208536E600B27354 /* Debug */ = {
			isa = XCBuildConfiguration;
			buildSettings = {
				ALWAYS_SEARCH_USER_PATHS = NO;
				CLANG_ANALYZER_NONNULL = YES;
				CLANG_ANALYZER_NUMBER_OBJECT_CONVERSION = YES_AGGRESSIVE;
				CLANG_CXX_LANGUAGE_STANDARD = "gnu++14";
				CLANG_CXX_LIBRARY = "libc++";
				CLANG_ENABLE_MODULES = YES;
				CLANG_ENABLE_OBJC_ARC = YES;
				CLANG_ENABLE_OBJC_WEAK = YES;
				CLANG_WARN_BLOCK_CAPTURE_AUTORELEASING = YES;
				CLANG_WARN_BOOL_CONVERSION = YES;
				CLANG_WARN_COMMA = YES;
				CLANG_WARN_CONSTANT_CONVERSION = YES;
				CLANG_WARN_DEPRECATED_OBJC_IMPLEMENTATIONS = YES;
				CLANG_WARN_DIRECT_OBJC_ISA_USAGE = YES_ERROR;
				CLANG_WARN_DOCUMENTATION_COMMENTS = YES;
				CLANG_WARN_EMPTY_BODY = YES;
				CLANG_WARN_ENUM_CONVERSION = YES;
				CLANG_WARN_INFINITE_RECURSION = YES;
				CLANG_WARN_INT_CONVERSION = YES;
				CLANG_WARN_NON_LITERAL_NULL_CONVERSION = YES;
				CLANG_WARN_OBJC_IMPLICIT_RETAIN_SELF = YES;
				CLANG_WARN_OBJC_LITERAL_CONVERSION = YES;
				CLANG_WARN_OBJC_ROOT_CLASS = YES_ERROR;
				CLANG_WARN_RANGE_LOOP_ANALYSIS = YES;
				CLANG_WARN_STRICT_PROTOTYPES = YES;
				CLANG_WARN_SUSPICIOUS_MOVE = YES;
				CLANG_WARN_UNGUARDED_AVAILABILITY = YES_AGGRESSIVE;
				CLANG_WARN_UNREACHABLE_CODE = YES;
				CLANG_WARN__DUPLICATE_METHOD_MATCH = YES;
				CODE_SIGN_IDENTITY = "Mac Developer";
				COPY_PHASE_STRIP = NO;
				DEBUG_INFORMATION_FORMAT = dwarf;
				ENABLE_STRICT_OBJC_MSGSEND = YES;
				ENABLE_TESTABILITY = YES;
				GCC_C_LANGUAGE_STANDARD = gnu11;
				GCC_DYNAMIC_NO_PIC = NO;
				GCC_NO_COMMON_BLOCKS = YES;
				GCC_OPTIMIZATION_LEVEL = 0;
				GCC_PREPROCESSOR_DEFINITIONS = (
					"DEBUG=1",
					"$(inherited)",
				);
				GCC_WARN_64_TO_32_BIT_CONVERSION = YES;
				GCC_WARN_ABOUT_RETURN_TYPE = YES_ERROR;
				GCC_WARN_UNDECLARED_SELECTOR = YES;
				GCC_WARN_UNINITIALIZED_AUTOS = YES_AGGRESSIVE;
				GCC_WARN_UNUSED_FUNCTION = YES;
				GCC_WARN_UNUSED_VARIABLE = YES;
				MACOSX_DEPLOYMENT_TARGET = 10.13;
				MTL_ENABLE_DEBUG_INFO = YES;
				ONLY_ACTIVE_ARCH = YES;
				SDKROOT = macosx;
				SWIFT_ACTIVE_COMPILATION_CONDITIONS = DEBUG;
				SWIFT_OPTIMIZATION_LEVEL = "-Onone";
			};
			name = Debug;
		};
		8DD92744208536E600B27354 /* Release */ = {
			isa = XCBuildConfiguration;
			buildSettings = {
				ALWAYS_SEARCH_USER_PATHS = NO;
				CLANG_ANALYZER_NONNULL = YES;
				CLANG_ANALYZER_NUMBER_OBJECT_CONVERSION = YES_AGGRESSIVE;
				CLANG_CXX_LANGUAGE_STANDARD = "gnu++14";
				CLANG_CXX_LIBRARY = "libc++";
				CLANG_ENABLE_MODULES = YES;
				CLANG_ENABLE_OBJC_ARC = YES;
				CLANG_ENABLE_OBJC_WEAK = YES;
				CLANG_WARN_BLOCK_CAPTURE_AUTORELEASING = YES;
				CLANG_WARN_BOOL_CONVERSION = YES;
				CLANG_WARN_COMMA = YES;
				CLANG_WARN_CONSTANT_CONVERSION = YES;
				CLANG_WARN_DEPRECATED_OBJC_IMPLEMENTATIONS = YES;
				CLANG_WARN_DIRECT_OBJC_ISA_USAGE = YES_ERROR;
				CLANG_WARN_DOCUMENTATION_COMMENTS = YES;
				CLANG_WARN_EMPTY_BODY = YES;
				CLANG_WARN_ENUM_CONVERSION = YES;
				CLANG_WARN_INFINITE_RECURSION = YES;
				CLANG_WARN_INT_CONVERSION = YES;
				CLANG_WARN_NON_LITERAL_NULL_CONVERSION = YES;
				CLANG_WARN_OBJC_IMPLICIT_RETAIN_SELF = YES;
				CLANG_WARN_OBJC_LITERAL_CONVERSION = YES;
				CLANG_WARN_OBJC_ROOT_CLASS = YES_ERROR;
				CLANG_WARN_RANGE_LOOP_ANALYSIS = YES;
				CLANG_WARN_STRICT_PROTOTYPES = YES;
				CLANG_WARN_SUSPICIOUS_MOVE = YES;
				CLANG_WARN_UNGUARDED_AVAILABILITY = YES_AGGRESSIVE;
				CLANG_WARN_UNREACHABLE_CODE = YES;
				CLANG_WARN__DUPLICATE_METHOD_MATCH = YES;
				CODE_SIGN_IDENTITY = "Mac Developer";
				COPY_PHASE_STRIP = NO;
				DEBUG_INFORMATION_FORMAT = "dwarf-with-dsym";
				ENABLE_NS_ASSERTIONS = NO;
				ENABLE_STRICT_OBJC_MSGSEND = YES;
				GCC_C_LANGUAGE_STANDARD = gnu11;
				GCC_NO_COMMON_BLOCKS = YES;
				GCC_WARN_64_TO_32_BIT_CONVERSION = YES;
				GCC_WARN_ABOUT_RETURN_TYPE = YES_ERROR;
				GCC_WARN_UNDECLARED_SELECTOR = YES;
				GCC_WARN_UNINITIALIZED_AUTOS = YES_AGGRESSIVE;
				GCC_WARN_UNUSED_FUNCTION = YES;
				GCC_WARN_UNUSED_VARIABLE = YES;
				MACOSX_DEPLOYMENT_TARGET = 10.13;
				MTL_ENABLE_DEBUG_INFO = NO;
				SDKROOT = macosx;
				SWIFT_COMPILATION_MODE = wholemodule;
				SWIFT_OPTIMIZATION_LEVEL = "-O";
			};
			name = Release;
		};
		8DD92746208536E600B27354 /* Debug */ = {
			isa = XCBuildConfiguration;
			buildSettings = {
				ASSETCATALOG_COMPILER_APPICON_NAME = AppIcon;
				CODE_SIGN_ENTITLEMENTS = "Supporting Files/EggTImer.entitlements";
				CODE_SIGN_IDENTITY = "Mac Developer";
				CODE_SIGN_STYLE = Automatic;
				COMBINE_HIDPI_IMAGES = YES;
				DEVELOPMENT_TEAM = 4LVJ6ANQKX;
				INFOPLIST_FILE = "$(SRCROOT)/Supporting Files/Info.plist";
				LD_RUNPATH_SEARCH_PATHS = (
					"$(inherited)",
					"@executable_path/../Frameworks",
				);
				PRODUCT_BUNDLE_IDENTIFIER = LEAD.EggTImer;
				PRODUCT_NAME = "$(TARGET_NAME)";
				PROVISIONING_PROFILE_SPECIFIER = "";
				SWIFT_VERSION = 4.0;
			};
			name = Debug;
		};
		8DD92747208536E600B27354 /* Release */ = {
			isa = XCBuildConfiguration;
			buildSettings = {
				ASSETCATALOG_COMPILER_APPICON_NAME = AppIcon;
				CODE_SIGN_ENTITLEMENTS = "Supporting Files/EggTImer.entitlements";
				CODE_SIGN_IDENTITY = "Mac Developer";
				CODE_SIGN_STYLE = Automatic;
				COMBINE_HIDPI_IMAGES = YES;
				DEVELOPMENT_TEAM = 4LVJ6ANQKX;
				INFOPLIST_FILE = "$(SRCROOT)/Supporting Files/Info.plist";
				LD_RUNPATH_SEARCH_PATHS = (
					"$(inherited)",
					"@executable_path/../Frameworks",
				);
				PRODUCT_BUNDLE_IDENTIFIER = LEAD.EggTImer;
				PRODUCT_NAME = "$(TARGET_NAME)";
				PROVISIONING_PROFILE_SPECIFIER = "";
				SWIFT_VERSION = 4.0;
			};
			name = Release;
		};
/* End XCBuildConfiguration section */

/* Begin XCConfigurationList section */
		8DD92730208536E400B27354 /* Build configuration list for PBXProject "EggTImer" */ = {
			isa = XCConfigurationList;
			buildConfigurations = (
				8DD92743208536E600B27354 /* Debug */,
				8DD92744208536E600B27354 /* Release */,
			);
			defaultConfigurationIsVisible = 0;
			defaultConfigurationName = Release;
		};
		8DD92745208536E600B27354 /* Build configuration list for PBXNativeTarget "EggTImer" */ = {
			isa = XCConfigurationList;
			buildConfigurations = (
				8DD92746208536E600B27354 /* Debug */,
				8DD92747208536E600B27354 /* Release */,
			);
			defaultConfigurationIsVisible = 0;
			defaultConfigurationName = Release;
		};
/* End XCConfigurationList section */
	};
	rootObject = 8DD9272D208536E400B27354 /* Project object */;
}
